
Microsoft Visual Studio Solution File, Format Version 12.00
# Visual Studio Version 17
VisualStudioVersion = 17.3.32901.215
MinimumVisualStudioVersion = 10.0.40219.1
Project("{FAE04EC0-301F-11D3-BF4B-00C04F79EFBC}") = "BorrowLend", "BorrowLend\BorrowLend.csproj", "{D1F4B15D-648F-485B-8459-A2A4722BD520}"
EndProject
Global
	GlobalSection(SolutionConfigurationPlatforms) = preSolution
		Debug|Any CPU = Debug|Any CPU
		Release|Any CPU = Release|Any CPU
	EndGlobalSection
	GlobalSection(ProjectConfigurationPlatforms) = postSolution
		{D1F4B15D-648F-485B-8459-A2A4722BD520}.Debug|Any CPU.ActiveCfg = Debug|Any CPU
		{D1F4B15D-648F-485B-8459-A2A4722BD520}.Debug|Any CPU.Build.0 = Debug|Any CPU
		{D1F4B15D-648F-485B-8459-A2A4722BD520}.Release|Any CPU.ActiveCfg = Release|Any CPU
		{D1F4B15D-648F-485B-8459-A2A4722BD520}.Release|Any CPU.Build.0 = Release|Any CPU
	EndGlobalSection
	GlobalSection(SolutionProperties) = preSolution
		HideSolutionNode = FALSE
	EndGlobalSection
	GlobalSection(ExtensibilityGlobals) = postSolution
		SolutionGuid = {25E43F66-2FAE-4698-945C-3508FE4E8749}
	EndGlobalSection
EndGlobal
